
Microsoft Visual Studio Solution File, Format Version 12.00
# Visual Studio 15
VisualStudioVersion = 15.0.28307.1340
MinimumVisualStudioVersion = 10.0.40219.1
Project("{159641D6-6404-4A2A-AE62-294DE0FE8301}") = "Learning-GIT-VS", "Learning-GIT-VS\Learning-GIT-VS.dtproj", "{F2B65E22-CE22-4BCC-8679-CB0E44364F61}"
EndProject
Global
	GlobalSection(SolutionConfigurationPlatforms) = preSolution
		Development|Default = Development|Default
	EndGlobalSection
	GlobalSection(ProjectConfigurationPlatforms) = postSolution
		{F2B65E22-CE22-4BCC-8679-CB0E44364F61}.Development|Default.ActiveCfg = Development
		{F2B65E22-CE22-4BCC-8679-CB0E44364F61}.Development|Default.Build.0 = Development
	EndGlobalSection
	GlobalSection(SolutionProperties) = preSolution
		HideSolutionNode = FALSE
	EndGlobalSection
	GlobalSection(ExtensibilityGlobals) = postSolution
		SolutionGuid = {42CCC6A9-C019-4C14-9BD3-4F60CFA7B0A5}
	EndGlobalSection
EndGlobal
